
Microsoft Visual Studio Solution File, Format Version 12.00
# Visual Studio Version 17
VisualStudioVersion = 17.4.33213.308
MinimumVisualStudioVersion = 10.0.40219.1
Project("{FAE04EC0-301F-11D3-BF4B-00C04F79EFBC}") = "UpesiRio", "UpesiRio.csproj", "{D3DCB442-D6D6-4CE2-92E6-CEEFAE842774}"
EndProject
Project("{FAE04EC0-301F-11D3-BF4B-00C04F79EFBC}") = "UpesiRio.CORE", "..\UpesiRio.CORE\UpesiRio.CORE.csproj", "{9349C1BD-817A-461C-AE02-698884BC6258}"
EndProject
Project("{FAE04EC0-301F-11D3-BF4B-00C04F79EFBC}") = "UpesiRio.INFRASTRUCTURE", "..\UpesiRio.INFRASTRUCTURE\UpesiRio.INFRASTRUCTURE.csproj", "{A6BCFFA1-805F-4003-A43C-997DC462DC9A}"
EndProject
Global
	GlobalSection(SolutionConfigurationPlatforms) = preSolution
		Debug|Any CPU = Debug|Any CPU
		Release|Any CPU = Release|Any CPU
	EndGlobalSection
	GlobalSection(ProjectConfigurationPlatforms) = postSolution
		{D3DCB442-D6D6-4CE2-92E6-CEEFAE842774}.Debug|Any CPU.ActiveCfg = Debug|Any CPU
		{D3DCB442-D6D6-4CE2-92E6-CEEFAE842774}.Debug|Any CPU.Build.0 = Debug|Any CPU
		{D3DCB442-D6D6-4CE2-92E6-CEEFAE842774}.Release|Any CPU.ActiveCfg = Release|Any CPU
		{D3DCB442-D6D6-4CE2-92E6-CEEFAE842774}.Release|Any CPU.Build.0 = Release|Any CPU
		{9349C1BD-817A-461C-AE02-698884BC6258}.Debug|Any CPU.ActiveCfg = Debug|Any CPU
		{9349C1BD-817A-461C-AE02-698884BC6258}.Debug|Any CPU.Build.0 = Debug|Any CPU
		{9349C1BD-817A-461C-AE02-698884BC6258}.Release|Any CPU.ActiveCfg = Release|Any CPU
		{9349C1BD-817A-461C-AE02-698884BC6258}.Release|Any CPU.Build.0 = Release|Any CPU
		{A6BCFFA1-805F-4003-A43C-997DC462DC9A}.Debug|Any CPU.ActiveCfg = Debug|Any CPU
		{A6BCFFA1-805F-4003-A43C-997DC462DC9A}.Debug|Any CPU.Build.0 = Debug|Any CPU
		{A6BCFFA1-805F-4003-A43C-997DC462DC9A}.Release|Any CPU.ActiveCfg = Release|Any CPU
		{A6BCFFA1-805F-4003-A43C-997DC462DC9A}.Release|Any CPU.Build.0 = Release|Any CPU
	EndGlobalSection
	GlobalSection(SolutionProperties) = preSolution
		HideSolutionNode = FALSE
	EndGlobalSection
	GlobalSection(ExtensibilityGlobals) = postSolution
		SolutionGuid = {4B108111-A072-470E-B39F-23F1515AB363}
	EndGlobalSection
EndGlobal
